
Microsoft Visual Studio Solution File, Format Version 12.00
# Visual Studio Version 17
VisualStudioVersion = 17.2.32630.192
MinimumVisualStudioVersion = 10.0.40219.1
Project("{9A19103F-16F7-4668-BE54-9A1E7A4F7556}") = "ArdalisRatingService", "ArdalisRatingService\ArdalisRatingService.csproj", "{5DF8630A-A1AB-4FF3-9EFE-2D543F1C0628}"
EndProject
Global
	GlobalSection(SolutionConfigurationPlatforms) = preSolution
		Debug|Any CPU = Debug|Any CPU
		Release|Any CPU = Release|Any CPU
	EndGlobalSection
	GlobalSection(ProjectConfigurationPlatforms) = postSolution
		{5DF8630A-A1AB-4FF3-9EFE-2D543F1C0628}.Debug|Any CPU.ActiveCfg = Debug|Any CPU
		{5DF8630A-A1AB-4FF3-9EFE-2D543F1C0628}.Debug|Any CPU.Build.0 = Debug|Any CPU
		{5DF8630A-A1AB-4FF3-9EFE-2D543F1C0628}.Release|Any CPU.ActiveCfg = Release|Any CPU
		{5DF8630A-A1AB-4FF3-9EFE-2D543F1C0628}.Release|Any CPU.Build.0 = Release|Any CPU
	EndGlobalSection
	GlobalSection(SolutionProperties) = preSolution
		HideSolutionNode = FALSE
	EndGlobalSection
	GlobalSection(ExtensibilityGlobals) = postSolution
		SolutionGuid = {4D1B5C3A-DD11-4F94-8922-FAC0A0046B2E}
	EndGlobalSection
EndGlobal
